
Microsoft Visual Studio Solution File, Format Version 12.00
# Visual Studio Version 17
VisualStudioVersion = 17.1.32210.238
MinimumVisualStudioVersion = 10.0.40219.1
Project("{9A19103F-16F7-4668-BE54-9A1E7A4F7556}") = "AllCoreFiles", "AllCoreFiles\AllCoreFiles.csproj", "{133B85D6-0ABD-4129-B149-D41694AFBF6E}"
EndProject
Project("{9A19103F-16F7-4668-BE54-9A1E7A4F7556}") = "Graph", "Graph\Graph.csproj", "{D16FBB15-6EE2-402D-A4AD-9E7690612763}"
EndProject
Global
	GlobalSection(SolutionConfigurationPlatforms) = preSolution
		Debug|Any CPU = Debug|Any CPU
		Debug|x64 = Debug|x64
		Debug|x86 = Debug|x86
		Release|Any CPU = Release|Any CPU
		Release|x64 = Release|x64
		Release|x86 = Release|x86
	EndGlobalSection
	GlobalSection(ProjectConfigurationPlatforms) = postSolution
		{133B85D6-0ABD-4129-B149-D41694AFBF6E}.Debug|Any CPU.ActiveCfg = Debug|Any CPU
		{133B85D6-0ABD-4129-B149-D41694AFBF6E}.Debug|Any CPU.Build.0 = Debug|Any CPU
		{133B85D6-0ABD-4129-B149-D41694AFBF6E}.Debug|x64.ActiveCfg = Debug|Any CPU
		{133B85D6-0ABD-4129-B149-D41694AFBF6E}.Debug|x64.Build.0 = Debug|Any CPU
		{133B85D6-0ABD-4129-B149-D41694AFBF6E}.Debug|x86.ActiveCfg = Debug|Any CPU
		{133B85D6-0ABD-4129-B149-D41694AFBF6E}.Debug|x86.Build.0 = Debug|Any CPU
		{133B85D6-0ABD-4129-B149-D41694AFBF6E}.Release|Any CPU.ActiveCfg = Release|Any CPU
		{133B85D6-0ABD-4129-B149-D41694AFBF6E}.Release|Any CPU.Build.0 = Release|Any CPU
		{133B85D6-0ABD-4129-B149-D41694AFBF6E}.Release|x64.ActiveCfg = Release|Any CPU
		{133B85D6-0ABD-4129-B149-D41694AFBF6E}.Release|x64.Build.0 = Release|Any CPU
		{133B85D6-0ABD-4129-B149-D41694AFBF6E}.Release|x86.ActiveCfg = Release|Any CPU
		{133B85D6-0ABD-4129-B149-D41694AFBF6E}.Release|x86.Build.0 = Release|Any CPU
		{D16FBB15-6EE2-402D-A4AD-9E7690612763}.Debug|Any CPU.ActiveCfg = Debug|Any CPU
		{D16FBB15-6EE2-402D-A4AD-9E7690612763}.Debug|Any CPU.Build.0 = Debug|Any CPU
		{D16FBB15-6EE2-402D-A4AD-9E7690612763}.Debug|x64.ActiveCfg = Debug|Any CPU
		{D16FBB15-6EE2-402D-A4AD-9E7690612763}.Debug|x64.Build.0 = Debug|Any CPU
		{D16FBB15-6EE2-402D-A4AD-9E7690612763}.Debug|x86.ActiveCfg = Debug|Any CPU
		{D16FBB15-6EE2-402D-A4AD-9E7690612763}.Debug|x86.Build.0 = Debug|Any CPU
		{D16FBB15-6EE2-402D-A4AD-9E7690612763}.Release|Any CPU.ActiveCfg = Release|Any CPU
		{D16FBB15-6EE2-402D-A4AD-9E7690612763}.Release|Any CPU.Build.0 = Release|Any CPU
		{D16FBB15-6EE2-402D-A4AD-9E7690612763}.Release|x64.ActiveCfg = Release|Any CPU
		{D16FBB15-6EE2-402D-A4AD-9E7690612763}.Release|x64.Build.0 = Release|Any CPU
		{D16FBB15-6EE2-402D-A4AD-9E7690612763}.Release|x86.ActiveCfg = Release|Any CPU
		{D16FBB15-6EE2-402D-A4AD-9E7690612763}.Release|x86.Build.0 = Release|Any CPU
	EndGlobalSection
	GlobalSection(SolutionProperties) = preSolution
		HideSolutionNode = FALSE
	EndGlobalSection
	GlobalSection(ExtensibilityGlobals) = postSolution
		SolutionGuid = {FBAA2451-EA87-4019-AC6A-D1B7E284FE07}
	EndGlobalSection
EndGlobal
