
Microsoft Visual Studio Solution File, Format Version 12.00
# Visual Studio Version 17
VisualStudioVersion = 17.1.32210.238
MinimumVisualStudioVersion = 10.0.40219.1
Project("{9A19103F-16F7-4668-BE54-9A1E7A4F7556}") = "AllCoreFiles", "AllCoreFiles\AllCoreFiles.csproj", "{133B85D6-0ABD-4129-B149-D41694AFBF6E}"
EndProject
Project("{9A19103F-16F7-4668-BE54-9A1E7A4F7556}") = "Graph", "Graph\Graph.csproj", "{D16FBB15-6EE2-402D-A4AD-9E7690612763}"
EndProject
Project("{9A19103F-16F7-4668-BE54-9A1E7A4F7556}") = "BinarySearchTree", "BinarySearchTree\BinarySearchTree.csproj", "{C6D7FFFA-1942-467A-BE79-BBF735177C35}"
EndProject
Project("{9A19103F-16F7-4668-BE54-9A1E7A4F7556}") = "AvlTree", "AvlTree\AvlTree.csproj", "{91838921-C834-4030-89B6-72DE00B1658E}"
EndProject
Project("{9A19103F-16F7-4668-BE54-9A1E7A4F7556}") = "Test", "Test\Test.csproj", "{7B8C65A6-6DB5-444C-9911-C020D7B9254F}"
EndProject
Project("{9A19103F-16F7-4668-BE54-9A1E7A4F7556}") = "DCLL", "DCLL\DCLL.csproj", "{A1498B73-E7CC-492F-8641-6AF28BB02AF3}"
EndProject
Project("{9A19103F-16F7-4668-BE54-9A1E7A4F7556}") = "SLL", "SLL\SLL.csproj", "{A60B7B89-587A-42C8-B7A6-34D5553F3DB5}"
EndProject
Project("{9A19103F-16F7-4668-BE54-9A1E7A4F7556}") = "Stack", "Stack\Stack.csproj", "{4DFD892B-5AE6-439D-AE19-A1789B819A30}"
EndProject
Project("{9A19103F-16F7-4668-BE54-9A1E7A4F7556}") = "Queue", "Queue\Queue.csproj", "{44C07EEA-2956-4DA1-8DAA-E1CD7C9E4F00}"
EndProject
Project("{9A19103F-16F7-4668-BE54-9A1E7A4F7556}") = "PriorityQueue", "PriorityQueue\PriorityQueue.csproj", "{6DF7F58E-56A5-4777-902C-B4F2B95753C3}"
EndProject
Project("{2150E333-8FDC-42A3-9474-1A3956D46DE8}") = "Sort", "Sort", "{1E8022EA-BEAD-4B76-9CDA-AB4B14E540C2}"
	ProjectSection(SolutionItems) = preProject
		Notes.cs = Notes.cs
	EndProjectSection
EndProject
Project("{9A19103F-16F7-4668-BE54-9A1E7A4F7556}") = "MergeSort", "MergeSort\MergeSort.csproj", "{6D3502A5-E10B-4C3B-B828-E00FBC15902B}"
EndProject
Project("{2150E333-8FDC-42A3-9474-1A3956D46DE8}") = "Search", "Search", "{D536E8D8-D433-439A-AA78-9760DCA077E3}"
EndProject
Project("{9A19103F-16F7-4668-BE54-9A1E7A4F7556}") = "BinarySearch", "BinarySearch\BinarySearch.csproj", "{CC7EC935-9F02-4BF5-9D0F-D7BB470E3D9C}"
EndProject
Project("{9A19103F-16F7-4668-BE54-9A1E7A4F7556}") = "QuickSort", "QuickSort\QuickSort.csproj", "{361B6886-496D-4561-9F75-A452A04767AF}"
EndProject
Project("{9A19103F-16F7-4668-BE54-9A1E7A4F7556}") = "JumpSearch", "JumpSearch\JumpSearch.csproj", "{A5D73B3B-E092-4B4B-B0E6-A9ABE38D9083}"
EndProject
Project("{FAE04EC0-301F-11D3-BF4B-00C04F79EFBC}") = "BubbleSort", "BubbleSort\BubbleSort.csproj", "{A83BBA40-B8D1-4285-90F5-D916DF1C76C9}"
EndProject
Project("{FAE04EC0-301F-11D3-BF4B-00C04F79EFBC}") = "SelectionSort", "SelectionSort\SelectionSort.csproj", "{BF77D184-BB67-45BD-A2C4-A910D307DC5F}"
EndProject
Global
	GlobalSection(SolutionConfigurationPlatforms) = preSolution
		Debug|Any CPU = Debug|Any CPU
		Debug|x64 = Debug|x64
		Debug|x86 = Debug|x86
		Release|Any CPU = Release|Any CPU
		Release|x64 = Release|x64
		Release|x86 = Release|x86
	EndGlobalSection
	GlobalSection(ProjectConfigurationPlatforms) = postSolution
		{133B85D6-0ABD-4129-B149-D41694AFBF6E}.Debug|Any CPU.ActiveCfg = Debug|Any CPU
		{133B85D6-0ABD-4129-B149-D41694AFBF6E}.Debug|Any CPU.Build.0 = Debug|Any CPU
		{133B85D6-0ABD-4129-B149-D41694AFBF6E}.Debug|x64.ActiveCfg = Debug|Any CPU
		{133B85D6-0ABD-4129-B149-D41694AFBF6E}.Debug|x64.Build.0 = Debug|Any CPU
		{133B85D6-0ABD-4129-B149-D41694AFBF6E}.Debug|x86.ActiveCfg = Debug|Any CPU
		{133B85D6-0ABD-4129-B149-D41694AFBF6E}.Debug|x86.Build.0 = Debug|Any CPU
		{133B85D6-0ABD-4129-B149-D41694AFBF6E}.Release|Any CPU.ActiveCfg = Release|Any CPU
		{133B85D6-0ABD-4129-B149-D41694AFBF6E}.Release|Any CPU.Build.0 = Release|Any CPU
		{133B85D6-0ABD-4129-B149-D41694AFBF6E}.Release|x64.ActiveCfg = Release|Any CPU
		{133B85D6-0ABD-4129-B149-D41694AFBF6E}.Release|x64.Build.0 = Release|Any CPU
		{133B85D6-0ABD-4129-B149-D41694AFBF6E}.Release|x86.ActiveCfg = Release|Any CPU
		{133B85D6-0ABD-4129-B149-D41694AFBF6E}.Release|x86.Build.0 = Release|Any CPU
		{D16FBB15-6EE2-402D-A4AD-9E7690612763}.Debug|Any CPU.ActiveCfg = Debug|Any CPU
		{D16FBB15-6EE2-402D-A4AD-9E7690612763}.Debug|Any CPU.Build.0 = Debug|Any CPU
		{D16FBB15-6EE2-402D-A4AD-9E7690612763}.Debug|x64.ActiveCfg = Debug|Any CPU
		{D16FBB15-6EE2-402D-A4AD-9E7690612763}.Debug|x64.Build.0 = Debug|Any CPU
		{D16FBB15-6EE2-402D-A4AD-9E7690612763}.Debug|x86.ActiveCfg = Debug|Any CPU
		{D16FBB15-6EE2-402D-A4AD-9E7690612763}.Debug|x86.Build.0 = Debug|Any CPU
		{D16FBB15-6EE2-402D-A4AD-9E7690612763}.Release|Any CPU.ActiveCfg = Release|Any CPU
		{D16FBB15-6EE2-402D-A4AD-9E7690612763}.Release|Any CPU.Build.0 = Release|Any CPU
		{D16FBB15-6EE2-402D-A4AD-9E7690612763}.Release|x64.ActiveCfg = Release|Any CPU
		{D16FBB15-6EE2-402D-A4AD-9E7690612763}.Release|x64.Build.0 = Release|Any CPU
		{D16FBB15-6EE2-402D-A4AD-9E7690612763}.Release|x86.ActiveCfg = Release|Any CPU
		{D16FBB15-6EE2-402D-A4AD-9E7690612763}.Release|x86.Build.0 = Release|Any CPU
		{C6D7FFFA-1942-467A-BE79-BBF735177C35}.Debug|Any CPU.ActiveCfg = Debug|Any CPU
		{C6D7FFFA-1942-467A-BE79-BBF735177C35}.Debug|Any CPU.Build.0 = Debug|Any CPU
		{C6D7FFFA-1942-467A-BE79-BBF735177C35}.Debug|x64.ActiveCfg = Debug|Any CPU
		{C6D7FFFA-1942-467A-BE79-BBF735177C35}.Debug|x64.Build.0 = Debug|Any CPU
		{C6D7FFFA-1942-467A-BE79-BBF735177C35}.Debug|x86.ActiveCfg = Debug|Any CPU
		{C6D7FFFA-1942-467A-BE79-BBF735177C35}.Debug|x86.Build.0 = Debug|Any CPU
		{C6D7FFFA-1942-467A-BE79-BBF735177C35}.Release|Any CPU.ActiveCfg = Release|Any CPU
		{C6D7FFFA-1942-467A-BE79-BBF735177C35}.Release|Any CPU.Build.0 = Release|Any CPU
		{C6D7FFFA-1942-467A-BE79-BBF735177C35}.Release|x64.ActiveCfg = Release|Any CPU
		{C6D7FFFA-1942-467A-BE79-BBF735177C35}.Release|x64.Build.0 = Release|Any CPU
		{C6D7FFFA-1942-467A-BE79-BBF735177C35}.Release|x86.ActiveCfg = Release|Any CPU
		{C6D7FFFA-1942-467A-BE79-BBF735177C35}.Release|x86.Build.0 = Release|Any CPU
		{91838921-C834-4030-89B6-72DE00B1658E}.Debug|Any CPU.ActiveCfg = Debug|Any CPU
		{91838921-C834-4030-89B6-72DE00B1658E}.Debug|Any CPU.Build.0 = Debug|Any CPU
		{91838921-C834-4030-89B6-72DE00B1658E}.Debug|x64.ActiveCfg = Debug|Any CPU
		{91838921-C834-4030-89B6-72DE00B1658E}.Debug|x64.Build.0 = Debug|Any CPU
		{91838921-C834-4030-89B6-72DE00B1658E}.Debug|x86.ActiveCfg = Debug|Any CPU
		{91838921-C834-4030-89B6-72DE00B1658E}.Debug|x86.Build.0 = Debug|Any CPU
		{91838921-C834-4030-89B6-72DE00B1658E}.Release|Any CPU.ActiveCfg = Release|Any CPU
		{91838921-C834-4030-89B6-72DE00B1658E}.Release|Any CPU.Build.0 = Release|Any CPU
		{91838921-C834-4030-89B6-72DE00B1658E}.Release|x64.ActiveCfg = Release|Any CPU
		{91838921-C834-4030-89B6-72DE00B1658E}.Release|x64.Build.0 = Release|Any CPU
		{91838921-C834-4030-89B6-72DE00B1658E}.Release|x86.ActiveCfg = Release|Any CPU
		{91838921-C834-4030-89B6-72DE00B1658E}.Release|x86.Build.0 = Release|Any CPU
		{7B8C65A6-6DB5-444C-9911-C020D7B9254F}.Debug|Any CPU.ActiveCfg = Debug|Any CPU
		{7B8C65A6-6DB5-444C-9911-C020D7B9254F}.Debug|Any CPU.Build.0 = Debug|Any CPU
		{7B8C65A6-6DB5-444C-9911-C020D7B9254F}.Debug|x64.ActiveCfg = Debug|Any CPU
		{7B8C65A6-6DB5-444C-9911-C020D7B9254F}.Debug|x64.Build.0 = Debug|Any CPU
		{7B8C65A6-6DB5-444C-9911-C020D7B9254F}.Debug|x86.ActiveCfg = Debug|Any CPU
		{7B8C65A6-6DB5-444C-9911-C020D7B9254F}.Debug|x86.Build.0 = Debug|Any CPU
		{7B8C65A6-6DB5-444C-9911-C020D7B9254F}.Release|Any CPU.ActiveCfg = Release|Any CPU
		{7B8C65A6-6DB5-444C-9911-C020D7B9254F}.Release|Any CPU.Build.0 = Release|Any CPU
		{7B8C65A6-6DB5-444C-9911-C020D7B9254F}.Release|x64.ActiveCfg = Release|Any CPU
		{7B8C65A6-6DB5-444C-9911-C020D7B9254F}.Release|x64.Build.0 = Release|Any CPU
		{7B8C65A6-6DB5-444C-9911-C020D7B9254F}.Release|x86.ActiveCfg = Release|Any CPU
		{7B8C65A6-6DB5-444C-9911-C020D7B9254F}.Release|x86.Build.0 = Release|Any CPU
		{A1498B73-E7CC-492F-8641-6AF28BB02AF3}.Debug|Any CPU.ActiveCfg = Debug|Any CPU
		{A1498B73-E7CC-492F-8641-6AF28BB02AF3}.Debug|Any CPU.Build.0 = Debug|Any CPU
		{A1498B73-E7CC-492F-8641-6AF28BB02AF3}.Debug|x64.ActiveCfg = Debug|Any CPU
		{A1498B73-E7CC-492F-8641-6AF28BB02AF3}.Debug|x64.Build.0 = Debug|Any CPU
		{A1498B73-E7CC-492F-8641-6AF28BB02AF3}.Debug|x86.ActiveCfg = Debug|Any CPU
		{A1498B73-E7CC-492F-8641-6AF28BB02AF3}.Debug|x86.Build.0 = Debug|Any CPU
		{A1498B73-E7CC-492F-8641-6AF28BB02AF3}.Release|Any CPU.ActiveCfg = Release|Any CPU
		{A1498B73-E7CC-492F-8641-6AF28BB02AF3}.Release|Any CPU.Build.0 = Release|Any CPU
		{A1498B73-E7CC-492F-8641-6AF28BB02AF3}.Release|x64.ActiveCfg = Release|Any CPU
		{A1498B73-E7CC-492F-8641-6AF28BB02AF3}.Release|x64.Build.0 = Release|Any CPU
		{A1498B73-E7CC-492F-8641-6AF28BB02AF3}.Release|x86.ActiveCfg = Release|Any CPU
		{A1498B73-E7CC-492F-8641-6AF28BB02AF3}.Release|x86.Build.0 = Release|Any CPU
		{A60B7B89-587A-42C8-B7A6-34D5553F3DB5}.Debug|Any CPU.ActiveCfg = Debug|Any CPU
		{A60B7B89-587A-42C8-B7A6-34D5553F3DB5}.Debug|Any CPU.Build.0 = Debug|Any CPU
		{A60B7B89-587A-42C8-B7A6-34D5553F3DB5}.Debug|x64.ActiveCfg = Debug|Any CPU
		{A60B7B89-587A-42C8-B7A6-34D5553F3DB5}.Debug|x64.Build.0 = Debug|Any CPU
		{A60B7B89-587A-42C8-B7A6-34D5553F3DB5}.Debug|x86.ActiveCfg = Debug|Any CPU
		{A60B7B89-587A-42C8-B7A6-34D5553F3DB5}.Debug|x86.Build.0 = Debug|Any CPU
		{A60B7B89-587A-42C8-B7A6-34D5553F3DB5}.Release|Any CPU.ActiveCfg = Release|Any CPU
		{A60B7B89-587A-42C8-B7A6-34D5553F3DB5}.Release|Any CPU.Build.0 = Release|Any CPU
		{A60B7B89-587A-42C8-B7A6-34D5553F3DB5}.Release|x64.ActiveCfg = Release|Any CPU
		{A60B7B89-587A-42C8-B7A6-34D5553F3DB5}.Release|x64.Build.0 = Release|Any CPU
		{A60B7B89-587A-42C8-B7A6-34D5553F3DB5}.Release|x86.ActiveCfg = Release|Any CPU
		{A60B7B89-587A-42C8-B7A6-34D5553F3DB5}.Release|x86.Build.0 = Release|Any CPU
		{4DFD892B-5AE6-439D-AE19-A1789B819A30}.Debug|Any CPU.ActiveCfg = Debug|Any CPU
		{4DFD892B-5AE6-439D-AE19-A1789B819A30}.Debug|Any CPU.Build.0 = Debug|Any CPU
		{4DFD892B-5AE6-439D-AE19-A1789B819A30}.Debug|x64.ActiveCfg = Debug|Any CPU
		{4DFD892B-5AE6-439D-AE19-A1789B819A30}.Debug|x64.Build.0 = Debug|Any CPU
		{4DFD892B-5AE6-439D-AE19-A1789B819A30}.Debug|x86.ActiveCfg = Debug|Any CPU
		{4DFD892B-5AE6-439D-AE19-A1789B819A30}.Debug|x86.Build.0 = Debug|Any CPU
		{4DFD892B-5AE6-439D-AE19-A1789B819A30}.Release|Any CPU.ActiveCfg = Release|Any CPU
		{4DFD892B-5AE6-439D-AE19-A1789B819A30}.Release|Any CPU.Build.0 = Release|Any CPU
		{4DFD892B-5AE6-439D-AE19-A1789B819A30}.Release|x64.ActiveCfg = Release|Any CPU
		{4DFD892B-5AE6-439D-AE19-A1789B819A30}.Release|x64.Build.0 = Release|Any CPU
		{4DFD892B-5AE6-439D-AE19-A1789B819A30}.Release|x86.ActiveCfg = Release|Any CPU
		{4DFD892B-5AE6-439D-AE19-A1789B819A30}.Release|x86.Build.0 = Release|Any CPU
		{44C07EEA-2956-4DA1-8DAA-E1CD7C9E4F00}.Debug|Any CPU.ActiveCfg = Debug|Any CPU
		{44C07EEA-2956-4DA1-8DAA-E1CD7C9E4F00}.Debug|Any CPU.Build.0 = Debug|Any CPU
		{44C07EEA-2956-4DA1-8DAA-E1CD7C9E4F00}.Debug|x64.ActiveCfg = Debug|Any CPU
		{44C07EEA-2956-4DA1-8DAA-E1CD7C9E4F00}.Debug|x64.Build.0 = Debug|Any CPU
		{44C07EEA-2956-4DA1-8DAA-E1CD7C9E4F00}.Debug|x86.ActiveCfg = Debug|Any CPU
		{44C07EEA-2956-4DA1-8DAA-E1CD7C9E4F00}.Debug|x86.Build.0 = Debug|Any CPU
		{44C07EEA-2956-4DA1-8DAA-E1CD7C9E4F00}.Release|Any CPU.ActiveCfg = Release|Any CPU
		{44C07EEA-2956-4DA1-8DAA-E1CD7C9E4F00}.Release|Any CPU.Build.0 = Release|Any CPU
		{44C07EEA-2956-4DA1-8DAA-E1CD7C9E4F00}.Release|x64.ActiveCfg = Release|Any CPU
		{44C07EEA-2956-4DA1-8DAA-E1CD7C9E4F00}.Release|x64.Build.0 = Release|Any CPU
		{44C07EEA-2956-4DA1-8DAA-E1CD7C9E4F00}.Release|x86.ActiveCfg = Release|Any CPU
		{44C07EEA-2956-4DA1-8DAA-E1CD7C9E4F00}.Release|x86.Build.0 = Release|Any CPU
		{6DF7F58E-56A5-4777-902C-B4F2B95753C3}.Debug|Any CPU.ActiveCfg = Debug|Any CPU
		{6DF7F58E-56A5-4777-902C-B4F2B95753C3}.Debug|Any CPU.Build.0 = Debug|Any CPU
		{6DF7F58E-56A5-4777-902C-B4F2B95753C3}.Debug|x64.ActiveCfg = Debug|Any CPU
		{6DF7F58E-56A5-4777-902C-B4F2B95753C3}.Debug|x64.Build.0 = Debug|Any CPU
		{6DF7F58E-56A5-4777-902C-B4F2B95753C3}.Debug|x86.ActiveCfg = Debug|Any CPU
		{6DF7F58E-56A5-4777-902C-B4F2B95753C3}.Debug|x86.Build.0 = Debug|Any CPU
		{6DF7F58E-56A5-4777-902C-B4F2B95753C3}.Release|Any CPU.ActiveCfg = Release|Any CPU
		{6DF7F58E-56A5-4777-902C-B4F2B95753C3}.Release|Any CPU.Build.0 = Release|Any CPU
		{6DF7F58E-56A5-4777-902C-B4F2B95753C3}.Release|x64.ActiveCfg = Release|Any CPU
		{6DF7F58E-56A5-4777-902C-B4F2B95753C3}.Release|x64.Build.0 = Release|Any CPU
		{6DF7F58E-56A5-4777-902C-B4F2B95753C3}.Release|x86.ActiveCfg = Release|Any CPU
		{6DF7F58E-56A5-4777-902C-B4F2B95753C3}.Release|x86.Build.0 = Release|Any CPU
		{6D3502A5-E10B-4C3B-B828-E00FBC15902B}.Debug|Any CPU.ActiveCfg = Debug|Any CPU
		{6D3502A5-E10B-4C3B-B828-E00FBC15902B}.Debug|Any CPU.Build.0 = Debug|Any CPU
		{6D3502A5-E10B-4C3B-B828-E00FBC15902B}.Debug|x64.ActiveCfg = Debug|Any CPU
		{6D3502A5-E10B-4C3B-B828-E00FBC15902B}.Debug|x64.Build.0 = Debug|Any CPU
		{6D3502A5-E10B-4C3B-B828-E00FBC15902B}.Debug|x86.ActiveCfg = Debug|Any CPU
		{6D3502A5-E10B-4C3B-B828-E00FBC15902B}.Debug|x86.Build.0 = Debug|Any CPU
		{6D3502A5-E10B-4C3B-B828-E00FBC15902B}.Release|Any CPU.ActiveCfg = Release|Any CPU
		{6D3502A5-E10B-4C3B-B828-E00FBC15902B}.Release|Any CPU.Build.0 = Release|Any CPU
		{6D3502A5-E10B-4C3B-B828-E00FBC15902B}.Release|x64.ActiveCfg = Release|Any CPU
		{6D3502A5-E10B-4C3B-B828-E00FBC15902B}.Release|x64.Build.0 = Release|Any CPU
		{6D3502A5-E10B-4C3B-B828-E00FBC15902B}.Release|x86.ActiveCfg = Release|Any CPU
		{6D3502A5-E10B-4C3B-B828-E00FBC15902B}.Release|x86.Build.0 = Release|Any CPU
		{CC7EC935-9F02-4BF5-9D0F-D7BB470E3D9C}.Debug|Any CPU.ActiveCfg = Debug|Any CPU
		{CC7EC935-9F02-4BF5-9D0F-D7BB470E3D9C}.Debug|Any CPU.Build.0 = Debug|Any CPU
		{CC7EC935-9F02-4BF5-9D0F-D7BB470E3D9C}.Debug|x64.ActiveCfg = Debug|Any CPU
		{CC7EC935-9F02-4BF5-9D0F-D7BB470E3D9C}.Debug|x64.Build.0 = Debug|Any CPU
		{CC7EC935-9F02-4BF5-9D0F-D7BB470E3D9C}.Debug|x86.ActiveCfg = Debug|Any CPU
		{CC7EC935-9F02-4BF5-9D0F-D7BB470E3D9C}.Debug|x86.Build.0 = Debug|Any CPU
		{CC7EC935-9F02-4BF5-9D0F-D7BB470E3D9C}.Release|Any CPU.ActiveCfg = Release|Any CPU
		{CC7EC935-9F02-4BF5-9D0F-D7BB470E3D9C}.Release|Any CPU.Build.0 = Release|Any CPU
		{CC7EC935-9F02-4BF5-9D0F-D7BB470E3D9C}.Release|x64.ActiveCfg = Release|Any CPU
		{CC7EC935-9F02-4BF5-9D0F-D7BB470E3D9C}.Release|x64.Build.0 = Release|Any CPU
		{CC7EC935-9F02-4BF5-9D0F-D7BB470E3D9C}.Release|x86.ActiveCfg = Release|Any CPU
		{CC7EC935-9F02-4BF5-9D0F-D7BB470E3D9C}.Release|x86.Build.0 = Release|Any CPU
		{361B6886-496D-4561-9F75-A452A04767AF}.Debug|Any CPU.ActiveCfg = Debug|Any CPU
		{361B6886-496D-4561-9F75-A452A04767AF}.Debug|Any CPU.Build.0 = Debug|Any CPU
		{361B6886-496D-4561-9F75-A452A04767AF}.Debug|x64.ActiveCfg = Debug|Any CPU
		{361B6886-496D-4561-9F75-A452A04767AF}.Debug|x64.Build.0 = Debug|Any CPU
		{361B6886-496D-4561-9F75-A452A04767AF}.Debug|x86.ActiveCfg = Debug|Any CPU
		{361B6886-496D-4561-9F75-A452A04767AF}.Debug|x86.Build.0 = Debug|Any CPU
		{361B6886-496D-4561-9F75-A452A04767AF}.Release|Any CPU.ActiveCfg = Release|Any CPU
		{361B6886-496D-4561-9F75-A452A04767AF}.Release|Any CPU.Build.0 = Release|Any CPU
		{361B6886-496D-4561-9F75-A452A04767AF}.Release|x64.ActiveCfg = Release|Any CPU
		{361B6886-496D-4561-9F75-A452A04767AF}.Release|x64.Build.0 = Release|Any CPU
		{361B6886-496D-4561-9F75-A452A04767AF}.Release|x86.ActiveCfg = Release|Any CPU
		{361B6886-496D-4561-9F75-A452A04767AF}.Release|x86.Build.0 = Release|Any CPU
		{A5D73B3B-E092-4B4B-B0E6-A9ABE38D9083}.Debug|Any CPU.ActiveCfg = Debug|Any CPU
		{A5D73B3B-E092-4B4B-B0E6-A9ABE38D9083}.Debug|Any CPU.Build.0 = Debug|Any CPU
		{A5D73B3B-E092-4B4B-B0E6-A9ABE38D9083}.Debug|x64.ActiveCfg = Debug|Any CPU
		{A5D73B3B-E092-4B4B-B0E6-A9ABE38D9083}.Debug|x64.Build.0 = Debug|Any CPU
		{A5D73B3B-E092-4B4B-B0E6-A9ABE38D9083}.Debug|x86.ActiveCfg = Debug|Any CPU
		{A5D73B3B-E092-4B4B-B0E6-A9ABE38D9083}.Debug|x86.Build.0 = Debug|Any CPU
		{A5D73B3B-E092-4B4B-B0E6-A9ABE38D9083}.Release|Any CPU.ActiveCfg = Release|Any CPU
		{A5D73B3B-E092-4B4B-B0E6-A9ABE38D9083}.Release|Any CPU.Build.0 = Release|Any CPU
		{A5D73B3B-E092-4B4B-B0E6-A9ABE38D9083}.Release|x64.ActiveCfg = Release|Any CPU
		{A5D73B3B-E092-4B4B-B0E6-A9ABE38D9083}.Release|x64.Build.0 = Release|Any CPU
		{A5D73B3B-E092-4B4B-B0E6-A9ABE38D9083}.Release|x86.ActiveCfg = Release|Any CPU
		{A5D73B3B-E092-4B4B-B0E6-A9ABE38D9083}.Release|x86.Build.0 = Release|Any CPU
		{A83BBA40-B8D1-4285-90F5-D916DF1C76C9}.Debug|Any CPU.ActiveCfg = Debug|Any CPU
		{A83BBA40-B8D1-4285-90F5-D916DF1C76C9}.Debug|Any CPU.Build.0 = Debug|Any CPU
		{A83BBA40-B8D1-4285-90F5-D916DF1C76C9}.Debug|x64.ActiveCfg = Debug|Any CPU
		{A83BBA40-B8D1-4285-90F5-D916DF1C76C9}.Debug|x64.Build.0 = Debug|Any CPU
		{A83BBA40-B8D1-4285-90F5-D916DF1C76C9}.Debug|x86.ActiveCfg = Debug|Any CPU
		{A83BBA40-B8D1-4285-90F5-D916DF1C76C9}.Debug|x86.Build.0 = Debug|Any CPU
		{A83BBA40-B8D1-4285-90F5-D916DF1C76C9}.Release|Any CPU.ActiveCfg = Release|Any CPU
		{A83BBA40-B8D1-4285-90F5-D916DF1C76C9}.Release|Any CPU.Build.0 = Release|Any CPU
		{A83BBA40-B8D1-4285-90F5-D916DF1C76C9}.Release|x64.ActiveCfg = Release|Any CPU
		{A83BBA40-B8D1-4285-90F5-D916DF1C76C9}.Release|x64.Build.0 = Release|Any CPU
		{A83BBA40-B8D1-4285-90F5-D916DF1C76C9}.Release|x86.ActiveCfg = Release|Any CPU
		{A83BBA40-B8D1-4285-90F5-D916DF1C76C9}.Release|x86.Build.0 = Release|Any CPU
		{BF77D184-BB67-45BD-A2C4-A910D307DC5F}.Debug|Any CPU.ActiveCfg = Debug|Any CPU
		{BF77D184-BB67-45BD-A2C4-A910D307DC5F}.Debug|Any CPU.Build.0 = Debug|Any CPU
		{BF77D184-BB67-45BD-A2C4-A910D307DC5F}.Debug|x64.ActiveCfg = Debug|Any CPU
		{BF77D184-BB67-45BD-A2C4-A910D307DC5F}.Debug|x64.Build.0 = Debug|Any CPU
		{BF77D184-BB67-45BD-A2C4-A910D307DC5F}.Debug|x86.ActiveCfg = Debug|Any CPU
		{BF77D184-BB67-45BD-A2C4-A910D307DC5F}.Debug|x86.Build.0 = Debug|Any CPU
		{BF77D184-BB67-45BD-A2C4-A910D307DC5F}.Release|Any CPU.ActiveCfg = Release|Any CPU
		{BF77D184-BB67-45BD-A2C4-A910D307DC5F}.Release|Any CPU.Build.0 = Release|Any CPU
		{BF77D184-BB67-45BD-A2C4-A910D307DC5F}.Release|x64.ActiveCfg = Release|Any CPU
		{BF77D184-BB67-45BD-A2C4-A910D307DC5F}.Release|x64.Build.0 = Release|Any CPU
		{BF77D184-BB67-45BD-A2C4-A910D307DC5F}.Release|x86.ActiveCfg = Release|Any CPU
		{BF77D184-BB67-45BD-A2C4-A910D307DC5F}.Release|x86.Build.0 = Release|Any CPU
	EndGlobalSection
	GlobalSection(SolutionProperties) = preSolution
		HideSolutionNode = FALSE
	EndGlobalSection
	GlobalSection(NestedProjects) = preSolution
		{6D3502A5-E10B-4C3B-B828-E00FBC15902B} = {1E8022EA-BEAD-4B76-9CDA-AB4B14E540C2}
		{CC7EC935-9F02-4BF5-9D0F-D7BB470E3D9C} = {D536E8D8-D433-439A-AA78-9760DCA077E3}
		{361B6886-496D-4561-9F75-A452A04767AF} = {1E8022EA-BEAD-4B76-9CDA-AB4B14E540C2}
		{A5D73B3B-E092-4B4B-B0E6-A9ABE38D9083} = {D536E8D8-D433-439A-AA78-9760DCA077E3}
		{A83BBA40-B8D1-4285-90F5-D916DF1C76C9} = {1E8022EA-BEAD-4B76-9CDA-AB4B14E540C2}
		{BF77D184-BB67-45BD-A2C4-A910D307DC5F} = {1E8022EA-BEAD-4B76-9CDA-AB4B14E540C2}
	EndGlobalSection
	GlobalSection(ExtensibilityGlobals) = postSolution
		SolutionGuid = {FBAA2451-EA87-4019-AC6A-D1B7E284FE07}
	EndGlobalSection
EndGlobal
