
Microsoft Visual Studio Solution File, Format Version 12.00
# Visual Studio Version 17
VisualStudioVersion = 17.1.32210.238
MinimumVisualStudioVersion = 10.0.40219.1
Project("{9A19103F-16F7-4668-BE54-9A1E7A4F7556}") = "AllCoreFiles", "AllCoreFiles\AllCoreFiles.csproj", "{133B85D6-0ABD-4129-B149-D41694AFBF6E}"
EndProject
Project("{9A19103F-16F7-4668-BE54-9A1E7A4F7556}") = "Graph", "Graph\Graph.csproj", "{D16FBB15-6EE2-402D-A4AD-9E7690612763}"
EndProject
Project("{9A19103F-16F7-4668-BE54-9A1E7A4F7556}") = "BinarySearchTree", "Tree\BinarySearchTree\BinarySearchTree.csproj", "{C6D7FFFA-1942-467A-BE79-BBF735177C35}"
EndProject
Project("{9A19103F-16F7-4668-BE54-9A1E7A4F7556}") = "AvlTree", "Tree\AvlTree\AvlTree.csproj", "{91838921-C834-4030-89B6-72DE00B1658E}"
EndProject
Project("{2150E333-8FDC-42A3-9474-1A3956D46DE8}") = "Sort", "Sort", "{1E8022EA-BEAD-4B76-9CDA-AB4B14E540C2}"
EndProject
Project("{2150E333-8FDC-42A3-9474-1A3956D46DE8}") = "Search", "Search", "{D536E8D8-D433-439A-AA78-9760DCA077E3}"
EndProject
Project("{9A19103F-16F7-4668-BE54-9A1E7A4F7556}") = "BinarySearch", "Search\BinarySearch\BinarySearch.csproj", "{CC7EC935-9F02-4BF5-9D0F-D7BB470E3D9C}"
EndProject
Project("{9A19103F-16F7-4668-BE54-9A1E7A4F7556}") = "JumpSearch", "Search\JumpSearch\JumpSearch.csproj", "{A5D73B3B-E092-4B4B-B0E6-A9ABE38D9083}"
EndProject
Project("{9A19103F-16F7-4668-BE54-9A1E7A4F7556}") = "QuickSort", "Sort\QuickSort\QuickSort.csproj", "{361B6886-496D-4561-9F75-A452A04767AF}"
EndProject
Project("{9A19103F-16F7-4668-BE54-9A1E7A4F7556}") = "BubbleSort", "Sort\BubbleSort\BubbleSort.csproj", "{A83BBA40-B8D1-4285-90F5-D916DF1C76C9}"
EndProject
Project("{9A19103F-16F7-4668-BE54-9A1E7A4F7556}") = "SelectionSort", "Sort\SelectionSort\SelectionSort.csproj", "{BF77D184-BB67-45BD-A2C4-A910D307DC5F}"
EndProject
Project("{9A19103F-16F7-4668-BE54-9A1E7A4F7556}") = "InsertionSort", "Sort\InsertionSort\InsertionSort.csproj", "{F24A91F6-31A2-498B-A000-2C1562AC8D59}"
EndProject
Project("{9A19103F-16F7-4668-BE54-9A1E7A4F7556}") = "BucketRadixSort", "Sort\BucketRadixSort\BucketRadixSort.csproj", "{22813262-5AC7-408A-BB51-4A0345D1F961}"
EndProject
Project("{2150E333-8FDC-42A3-9474-1A3956D46DE8}") = "LinkList", "LinkList", "{C3FCD47B-0413-4A91-AFF3-3A5076E73E9E}"
EndProject
Project("{9A19103F-16F7-4668-BE54-9A1E7A4F7556}") = "MergeSort", "Sort\MergeSort\MergeSort.csproj", "{655F294C-3714-4641-AC0F-AC71E18F45E7}"
EndProject
Project("{2150E333-8FDC-42A3-9474-1A3956D46DE8}") = "Singly", "Singly", "{31DAF09B-BCEF-4909-A8D5-8111D4F391FA}"
EndProject
Project("{9A19103F-16F7-4668-BE54-9A1E7A4F7556}") = "SinglyLinkList", "LinkList\SinglyLinkList\SinglyLinkList.csproj", "{FD9BEFF0-F122-418B-AF43-2F6C433C50E9}"
EndProject
Project("{9A19103F-16F7-4668-BE54-9A1E7A4F7556}") = "SinglyLinkListTests", "LinkList\SinglyLinkListTests\SinglyLinkListTests.csproj", "{9F2D2506-9D3E-4E7B-A77D-32A86BF534BA}"
EndProject
Project("{2150E333-8FDC-42A3-9474-1A3956D46DE8}") = "Doubly", "Doubly", "{B5E5A7E0-5F89-49D9-8B81-3DDD2AE13E53}"
EndProject
Project("{9A19103F-16F7-4668-BE54-9A1E7A4F7556}") = "DoublyCircularLinkListTests", "LinkList\DoublyCircularLinkListTests\DoublyCircularLinkListTests.csproj", "{68FB4F5E-54E4-4901-BF57-D69CCED94312}"
EndProject
Project("{9A19103F-16F7-4668-BE54-9A1E7A4F7556}") = "DoublyCircularLinkList", "LinkList\DoublyCircularLinkList\DoublyCircularLinkList.csproj", "{969E8B2B-2CC6-48C1-B17A-BF962F76C80F}"
EndProject
Project("{2150E333-8FDC-42A3-9474-1A3956D46DE8}") = "Tree", "Tree", "{D4AE7C4E-B248-4D5A-ACD2-DA1A5CEEE8EF}"
EndProject
Project("{9A19103F-16F7-4668-BE54-9A1E7A4F7556}") = "TreeTest", "Tree\TreeTest\TreeTest.csproj", "{CCF4BBBF-0499-419F-812A-9CD1C7172B70}"
EndProject
Project("{2150E333-8FDC-42A3-9474-1A3956D46DE8}") = "Queues", "Queues", "{D015DCE0-5030-4DB2-A40E-5C02E1FACD73}"
EndProject
Project("{9A19103F-16F7-4668-BE54-9A1E7A4F7556}") = "Queue", "Queues\Queue\Queue.csproj", "{4F71B8FD-4474-4104-AAF8-CD2CDC7ED274}"
EndProject
Project("{9A19103F-16F7-4668-BE54-9A1E7A4F7556}") = "QueueTests", "Queues\QueueTests\QueueTests.csproj", "{476A5CF1-43D7-45C5-A48E-F9061409DB98}"
EndProject
Project("{2150E333-8FDC-42A3-9474-1A3956D46DE8}") = "Stacks", "Stacks", "{9F88FE13-CE72-4D60-A37C-46478A88C34E}"
EndProject
Project("{9A19103F-16F7-4668-BE54-9A1E7A4F7556}") = "Stack", "Stacks\Stack\Stack.csproj", "{9639B423-1379-4F26-9726-A500B3FCEA17}"
EndProject
Project("{9A19103F-16F7-4668-BE54-9A1E7A4F7556}") = "StackTests", "Stacks\StackTests\StackTests.csproj", "{15CC5055-283E-486E-8C57-C32EF2CC5E90}"
EndProject
Project("{2150E333-8FDC-42A3-9474-1A3956D46DE8}") = "PriorityQueues", "PriorityQueues", "{02AB95C9-9781-4E6D-9C28-ADA823609EA0}"
EndProject
Project("{9A19103F-16F7-4668-BE54-9A1E7A4F7556}") = "PriorityQueueTests", "PriorityQueues\PriorityQueueTests\PriorityQueueTests.csproj", "{726A27DC-EF62-4039-A4F5-F90B41D88AA0}"
EndProject
Project("{9A19103F-16F7-4668-BE54-9A1E7A4F7556}") = "PriorityQueue", "PriorityQueues\PriorityQueue\PriorityQueue.csproj", "{6DF7F58E-56A5-4777-902C-B4F2B95753C3}"
EndProject
Project("{2150E333-8FDC-42A3-9474-1A3956D46DE8}") = "System Design", "System Design", "{775223C6-7FF3-4C26-87E9-2CAC343997B4}"
	ProjectSection(SolutionItems) = preProject
		sys1.cs = sys1.cs
	EndProjectSection
EndProject
Project("{9A19103F-16F7-4668-BE54-9A1E7A4F7556}") = "SegmentTree", "Tree\SegmentTree\SegmentTree.csproj", "{715D2FA4-4BB2-4E9C-BEFB-C02C63F86376}"
EndProject
Project("{9A19103F-16F7-4668-BE54-9A1E7A4F7556}") = "Heap", "Heap\Heap.csproj", "{B78EE80C-B8A1-46EF-AC59-CF109A9F720B}"
EndProject
Project("{2150E333-8FDC-42A3-9474-1A3956D46DE8}") = "Heaps", "Heaps", "{04A05A82-6AED-42BF-A688-E3C8578DCD94}"
EndProject
Project("{2150E333-8FDC-42A3-9474-1A3956D46DE8}") = "Graphs", "Graphs", "{1A6B4FBD-B76F-4F26-9540-6022D5A32887}"
EndProject
Project("{FAE04EC0-301F-11D3-BF4B-00C04F79EFBC}") = "TreeQuestions", "TreeQuestions\TreeQuestions.csproj", "{9FEC08E5-1494-43B8-A48B-C68CD36B51BF}"
EndProject
Project("{FAE04EC0-301F-11D3-BF4B-00C04F79EFBC}") = "PracticeProject", "PracticeProject\PracticeProject.csproj", "{9D9DAF3F-ACE6-4DA6-9435-0540EBBC0341}"
EndProject
Global
	GlobalSection(SolutionConfigurationPlatforms) = preSolution
		Debug|Any CPU = Debug|Any CPU
		Debug|x64 = Debug|x64
		Debug|x86 = Debug|x86
		Release|Any CPU = Release|Any CPU
		Release|x64 = Release|x64
		Release|x86 = Release|x86
	EndGlobalSection
	GlobalSection(ProjectConfigurationPlatforms) = postSolution
		{133B85D6-0ABD-4129-B149-D41694AFBF6E}.Debug|Any CPU.ActiveCfg = Debug|Any CPU
		{133B85D6-0ABD-4129-B149-D41694AFBF6E}.Debug|Any CPU.Build.0 = Debug|Any CPU
		{133B85D6-0ABD-4129-B149-D41694AFBF6E}.Debug|x64.ActiveCfg = Debug|Any CPU
		{133B85D6-0ABD-4129-B149-D41694AFBF6E}.Debug|x64.Build.0 = Debug|Any CPU
		{133B85D6-0ABD-4129-B149-D41694AFBF6E}.Debug|x86.ActiveCfg = Debug|Any CPU
		{133B85D6-0ABD-4129-B149-D41694AFBF6E}.Debug|x86.Build.0 = Debug|Any CPU
		{133B85D6-0ABD-4129-B149-D41694AFBF6E}.Release|Any CPU.ActiveCfg = Release|Any CPU
		{133B85D6-0ABD-4129-B149-D41694AFBF6E}.Release|Any CPU.Build.0 = Release|Any CPU
		{133B85D6-0ABD-4129-B149-D41694AFBF6E}.Release|x64.ActiveCfg = Release|Any CPU
		{133B85D6-0ABD-4129-B149-D41694AFBF6E}.Release|x64.Build.0 = Release|Any CPU
		{133B85D6-0ABD-4129-B149-D41694AFBF6E}.Release|x86.ActiveCfg = Release|Any CPU
		{133B85D6-0ABD-4129-B149-D41694AFBF6E}.Release|x86.Build.0 = Release|Any CPU
		{D16FBB15-6EE2-402D-A4AD-9E7690612763}.Debug|Any CPU.ActiveCfg = Debug|Any CPU
		{D16FBB15-6EE2-402D-A4AD-9E7690612763}.Debug|Any CPU.Build.0 = Debug|Any CPU
		{D16FBB15-6EE2-402D-A4AD-9E7690612763}.Debug|x64.ActiveCfg = Debug|Any CPU
		{D16FBB15-6EE2-402D-A4AD-9E7690612763}.Debug|x64.Build.0 = Debug|Any CPU
		{D16FBB15-6EE2-402D-A4AD-9E7690612763}.Debug|x86.ActiveCfg = Debug|Any CPU
		{D16FBB15-6EE2-402D-A4AD-9E7690612763}.Debug|x86.Build.0 = Debug|Any CPU
		{D16FBB15-6EE2-402D-A4AD-9E7690612763}.Release|Any CPU.ActiveCfg = Release|Any CPU
		{D16FBB15-6EE2-402D-A4AD-9E7690612763}.Release|Any CPU.Build.0 = Release|Any CPU
		{D16FBB15-6EE2-402D-A4AD-9E7690612763}.Release|x64.ActiveCfg = Release|Any CPU
		{D16FBB15-6EE2-402D-A4AD-9E7690612763}.Release|x64.Build.0 = Release|Any CPU
		{D16FBB15-6EE2-402D-A4AD-9E7690612763}.Release|x86.ActiveCfg = Release|Any CPU
		{D16FBB15-6EE2-402D-A4AD-9E7690612763}.Release|x86.Build.0 = Release|Any CPU
		{C6D7FFFA-1942-467A-BE79-BBF735177C35}.Debug|Any CPU.ActiveCfg = Debug|Any CPU
		{C6D7FFFA-1942-467A-BE79-BBF735177C35}.Debug|Any CPU.Build.0 = Debug|Any CPU
		{C6D7FFFA-1942-467A-BE79-BBF735177C35}.Debug|x64.ActiveCfg = Debug|Any CPU
		{C6D7FFFA-1942-467A-BE79-BBF735177C35}.Debug|x64.Build.0 = Debug|Any CPU
		{C6D7FFFA-1942-467A-BE79-BBF735177C35}.Debug|x86.ActiveCfg = Debug|Any CPU
		{C6D7FFFA-1942-467A-BE79-BBF735177C35}.Debug|x86.Build.0 = Debug|Any CPU
		{C6D7FFFA-1942-467A-BE79-BBF735177C35}.Release|Any CPU.ActiveCfg = Release|Any CPU
		{C6D7FFFA-1942-467A-BE79-BBF735177C35}.Release|Any CPU.Build.0 = Release|Any CPU
		{C6D7FFFA-1942-467A-BE79-BBF735177C35}.Release|x64.ActiveCfg = Release|Any CPU
		{C6D7FFFA-1942-467A-BE79-BBF735177C35}.Release|x64.Build.0 = Release|Any CPU
		{C6D7FFFA-1942-467A-BE79-BBF735177C35}.Release|x86.ActiveCfg = Release|Any CPU
		{C6D7FFFA-1942-467A-BE79-BBF735177C35}.Release|x86.Build.0 = Release|Any CPU
		{91838921-C834-4030-89B6-72DE00B1658E}.Debug|Any CPU.ActiveCfg = Debug|Any CPU
		{91838921-C834-4030-89B6-72DE00B1658E}.Debug|Any CPU.Build.0 = Debug|Any CPU
		{91838921-C834-4030-89B6-72DE00B1658E}.Debug|x64.ActiveCfg = Debug|Any CPU
		{91838921-C834-4030-89B6-72DE00B1658E}.Debug|x64.Build.0 = Debug|Any CPU
		{91838921-C834-4030-89B6-72DE00B1658E}.Debug|x86.ActiveCfg = Debug|Any CPU
		{91838921-C834-4030-89B6-72DE00B1658E}.Debug|x86.Build.0 = Debug|Any CPU
		{91838921-C834-4030-89B6-72DE00B1658E}.Release|Any CPU.ActiveCfg = Release|Any CPU
		{91838921-C834-4030-89B6-72DE00B1658E}.Release|Any CPU.Build.0 = Release|Any CPU
		{91838921-C834-4030-89B6-72DE00B1658E}.Release|x64.ActiveCfg = Release|Any CPU
		{91838921-C834-4030-89B6-72DE00B1658E}.Release|x64.Build.0 = Release|Any CPU
		{91838921-C834-4030-89B6-72DE00B1658E}.Release|x86.ActiveCfg = Release|Any CPU
		{91838921-C834-4030-89B6-72DE00B1658E}.Release|x86.Build.0 = Release|Any CPU
		{CC7EC935-9F02-4BF5-9D0F-D7BB470E3D9C}.Debug|Any CPU.ActiveCfg = Debug|Any CPU
		{CC7EC935-9F02-4BF5-9D0F-D7BB470E3D9C}.Debug|Any CPU.Build.0 = Debug|Any CPU
		{CC7EC935-9F02-4BF5-9D0F-D7BB470E3D9C}.Debug|x64.ActiveCfg = Debug|Any CPU
		{CC7EC935-9F02-4BF5-9D0F-D7BB470E3D9C}.Debug|x64.Build.0 = Debug|Any CPU
		{CC7EC935-9F02-4BF5-9D0F-D7BB470E3D9C}.Debug|x86.ActiveCfg = Debug|Any CPU
		{CC7EC935-9F02-4BF5-9D0F-D7BB470E3D9C}.Debug|x86.Build.0 = Debug|Any CPU
		{CC7EC935-9F02-4BF5-9D0F-D7BB470E3D9C}.Release|Any CPU.ActiveCfg = Release|Any CPU
		{CC7EC935-9F02-4BF5-9D0F-D7BB470E3D9C}.Release|Any CPU.Build.0 = Release|Any CPU
		{CC7EC935-9F02-4BF5-9D0F-D7BB470E3D9C}.Release|x64.ActiveCfg = Release|Any CPU
		{CC7EC935-9F02-4BF5-9D0F-D7BB470E3D9C}.Release|x64.Build.0 = Release|Any CPU
		{CC7EC935-9F02-4BF5-9D0F-D7BB470E3D9C}.Release|x86.ActiveCfg = Release|Any CPU
		{CC7EC935-9F02-4BF5-9D0F-D7BB470E3D9C}.Release|x86.Build.0 = Release|Any CPU
		{A5D73B3B-E092-4B4B-B0E6-A9ABE38D9083}.Debug|Any CPU.ActiveCfg = Debug|Any CPU
		{A5D73B3B-E092-4B4B-B0E6-A9ABE38D9083}.Debug|Any CPU.Build.0 = Debug|Any CPU
		{A5D73B3B-E092-4B4B-B0E6-A9ABE38D9083}.Debug|x64.ActiveCfg = Debug|Any CPU
		{A5D73B3B-E092-4B4B-B0E6-A9ABE38D9083}.Debug|x64.Build.0 = Debug|Any CPU
		{A5D73B3B-E092-4B4B-B0E6-A9ABE38D9083}.Debug|x86.ActiveCfg = Debug|Any CPU
		{A5D73B3B-E092-4B4B-B0E6-A9ABE38D9083}.Debug|x86.Build.0 = Debug|Any CPU
		{A5D73B3B-E092-4B4B-B0E6-A9ABE38D9083}.Release|Any CPU.ActiveCfg = Release|Any CPU
		{A5D73B3B-E092-4B4B-B0E6-A9ABE38D9083}.Release|Any CPU.Build.0 = Release|Any CPU
		{A5D73B3B-E092-4B4B-B0E6-A9ABE38D9083}.Release|x64.ActiveCfg = Release|Any CPU
		{A5D73B3B-E092-4B4B-B0E6-A9ABE38D9083}.Release|x64.Build.0 = Release|Any CPU
		{A5D73B3B-E092-4B4B-B0E6-A9ABE38D9083}.Release|x86.ActiveCfg = Release|Any CPU
		{A5D73B3B-E092-4B4B-B0E6-A9ABE38D9083}.Release|x86.Build.0 = Release|Any CPU
		{361B6886-496D-4561-9F75-A452A04767AF}.Debug|Any CPU.ActiveCfg = Debug|Any CPU
		{361B6886-496D-4561-9F75-A452A04767AF}.Debug|Any CPU.Build.0 = Debug|Any CPU
		{361B6886-496D-4561-9F75-A452A04767AF}.Debug|x64.ActiveCfg = Debug|Any CPU
		{361B6886-496D-4561-9F75-A452A04767AF}.Debug|x64.Build.0 = Debug|Any CPU
		{361B6886-496D-4561-9F75-A452A04767AF}.Debug|x86.ActiveCfg = Debug|Any CPU
		{361B6886-496D-4561-9F75-A452A04767AF}.Debug|x86.Build.0 = Debug|Any CPU
		{361B6886-496D-4561-9F75-A452A04767AF}.Release|Any CPU.ActiveCfg = Release|Any CPU
		{361B6886-496D-4561-9F75-A452A04767AF}.Release|Any CPU.Build.0 = Release|Any CPU
		{361B6886-496D-4561-9F75-A452A04767AF}.Release|x64.ActiveCfg = Release|Any CPU
		{361B6886-496D-4561-9F75-A452A04767AF}.Release|x64.Build.0 = Release|Any CPU
		{361B6886-496D-4561-9F75-A452A04767AF}.Release|x86.ActiveCfg = Release|Any CPU
		{361B6886-496D-4561-9F75-A452A04767AF}.Release|x86.Build.0 = Release|Any CPU
		{A83BBA40-B8D1-4285-90F5-D916DF1C76C9}.Debug|Any CPU.ActiveCfg = Debug|Any CPU
		{A83BBA40-B8D1-4285-90F5-D916DF1C76C9}.Debug|Any CPU.Build.0 = Debug|Any CPU
		{A83BBA40-B8D1-4285-90F5-D916DF1C76C9}.Debug|x64.ActiveCfg = Debug|Any CPU
		{A83BBA40-B8D1-4285-90F5-D916DF1C76C9}.Debug|x64.Build.0 = Debug|Any CPU
		{A83BBA40-B8D1-4285-90F5-D916DF1C76C9}.Debug|x86.ActiveCfg = Debug|Any CPU
		{A83BBA40-B8D1-4285-90F5-D916DF1C76C9}.Debug|x86.Build.0 = Debug|Any CPU
		{A83BBA40-B8D1-4285-90F5-D916DF1C76C9}.Release|Any CPU.ActiveCfg = Release|Any CPU
		{A83BBA40-B8D1-4285-90F5-D916DF1C76C9}.Release|Any CPU.Build.0 = Release|Any CPU
		{A83BBA40-B8D1-4285-90F5-D916DF1C76C9}.Release|x64.ActiveCfg = Release|Any CPU
		{A83BBA40-B8D1-4285-90F5-D916DF1C76C9}.Release|x64.Build.0 = Release|Any CPU
		{A83BBA40-B8D1-4285-90F5-D916DF1C76C9}.Release|x86.ActiveCfg = Release|Any CPU
		{A83BBA40-B8D1-4285-90F5-D916DF1C76C9}.Release|x86.Build.0 = Release|Any CPU
		{BF77D184-BB67-45BD-A2C4-A910D307DC5F}.Debug|Any CPU.ActiveCfg = Debug|Any CPU
		{BF77D184-BB67-45BD-A2C4-A910D307DC5F}.Debug|Any CPU.Build.0 = Debug|Any CPU
		{BF77D184-BB67-45BD-A2C4-A910D307DC5F}.Debug|x64.ActiveCfg = Debug|Any CPU
		{BF77D184-BB67-45BD-A2C4-A910D307DC5F}.Debug|x64.Build.0 = Debug|Any CPU
		{BF77D184-BB67-45BD-A2C4-A910D307DC5F}.Debug|x86.ActiveCfg = Debug|Any CPU
		{BF77D184-BB67-45BD-A2C4-A910D307DC5F}.Debug|x86.Build.0 = Debug|Any CPU
		{BF77D184-BB67-45BD-A2C4-A910D307DC5F}.Release|Any CPU.ActiveCfg = Release|Any CPU
		{BF77D184-BB67-45BD-A2C4-A910D307DC5F}.Release|Any CPU.Build.0 = Release|Any CPU
		{BF77D184-BB67-45BD-A2C4-A910D307DC5F}.Release|x64.ActiveCfg = Release|Any CPU
		{BF77D184-BB67-45BD-A2C4-A910D307DC5F}.Release|x64.Build.0 = Release|Any CPU
		{BF77D184-BB67-45BD-A2C4-A910D307DC5F}.Release|x86.ActiveCfg = Release|Any CPU
		{BF77D184-BB67-45BD-A2C4-A910D307DC5F}.Release|x86.Build.0 = Release|Any CPU
		{F24A91F6-31A2-498B-A000-2C1562AC8D59}.Debug|Any CPU.ActiveCfg = Debug|Any CPU
		{F24A91F6-31A2-498B-A000-2C1562AC8D59}.Debug|Any CPU.Build.0 = Debug|Any CPU
		{F24A91F6-31A2-498B-A000-2C1562AC8D59}.Debug|x64.ActiveCfg = Debug|Any CPU
		{F24A91F6-31A2-498B-A000-2C1562AC8D59}.Debug|x64.Build.0 = Debug|Any CPU
		{F24A91F6-31A2-498B-A000-2C1562AC8D59}.Debug|x86.ActiveCfg = Debug|Any CPU
		{F24A91F6-31A2-498B-A000-2C1562AC8D59}.Debug|x86.Build.0 = Debug|Any CPU
		{F24A91F6-31A2-498B-A000-2C1562AC8D59}.Release|Any CPU.ActiveCfg = Release|Any CPU
		{F24A91F6-31A2-498B-A000-2C1562AC8D59}.Release|Any CPU.Build.0 = Release|Any CPU
		{F24A91F6-31A2-498B-A000-2C1562AC8D59}.Release|x64.ActiveCfg = Release|Any CPU
		{F24A91F6-31A2-498B-A000-2C1562AC8D59}.Release|x64.Build.0 = Release|Any CPU
		{F24A91F6-31A2-498B-A000-2C1562AC8D59}.Release|x86.ActiveCfg = Release|Any CPU
		{F24A91F6-31A2-498B-A000-2C1562AC8D59}.Release|x86.Build.0 = Release|Any CPU
		{22813262-5AC7-408A-BB51-4A0345D1F961}.Debug|Any CPU.ActiveCfg = Debug|Any CPU
		{22813262-5AC7-408A-BB51-4A0345D1F961}.Debug|Any CPU.Build.0 = Debug|Any CPU
		{22813262-5AC7-408A-BB51-4A0345D1F961}.Debug|x64.ActiveCfg = Debug|Any CPU
		{22813262-5AC7-408A-BB51-4A0345D1F961}.Debug|x64.Build.0 = Debug|Any CPU
		{22813262-5AC7-408A-BB51-4A0345D1F961}.Debug|x86.ActiveCfg = Debug|Any CPU
		{22813262-5AC7-408A-BB51-4A0345D1F961}.Debug|x86.Build.0 = Debug|Any CPU
		{22813262-5AC7-408A-BB51-4A0345D1F961}.Release|Any CPU.ActiveCfg = Release|Any CPU
		{22813262-5AC7-408A-BB51-4A0345D1F961}.Release|Any CPU.Build.0 = Release|Any CPU
		{22813262-5AC7-408A-BB51-4A0345D1F961}.Release|x64.ActiveCfg = Release|Any CPU
		{22813262-5AC7-408A-BB51-4A0345D1F961}.Release|x64.Build.0 = Release|Any CPU
		{22813262-5AC7-408A-BB51-4A0345D1F961}.Release|x86.ActiveCfg = Release|Any CPU
		{22813262-5AC7-408A-BB51-4A0345D1F961}.Release|x86.Build.0 = Release|Any CPU
		{655F294C-3714-4641-AC0F-AC71E18F45E7}.Debug|Any CPU.ActiveCfg = Debug|Any CPU
		{655F294C-3714-4641-AC0F-AC71E18F45E7}.Debug|Any CPU.Build.0 = Debug|Any CPU
		{655F294C-3714-4641-AC0F-AC71E18F45E7}.Debug|x64.ActiveCfg = Debug|Any CPU
		{655F294C-3714-4641-AC0F-AC71E18F45E7}.Debug|x64.Build.0 = Debug|Any CPU
		{655F294C-3714-4641-AC0F-AC71E18F45E7}.Debug|x86.ActiveCfg = Debug|Any CPU
		{655F294C-3714-4641-AC0F-AC71E18F45E7}.Debug|x86.Build.0 = Debug|Any CPU
		{655F294C-3714-4641-AC0F-AC71E18F45E7}.Release|Any CPU.ActiveCfg = Release|Any CPU
		{655F294C-3714-4641-AC0F-AC71E18F45E7}.Release|Any CPU.Build.0 = Release|Any CPU
		{655F294C-3714-4641-AC0F-AC71E18F45E7}.Release|x64.ActiveCfg = Release|Any CPU
		{655F294C-3714-4641-AC0F-AC71E18F45E7}.Release|x64.Build.0 = Release|Any CPU
		{655F294C-3714-4641-AC0F-AC71E18F45E7}.Release|x86.ActiveCfg = Release|Any CPU
		{655F294C-3714-4641-AC0F-AC71E18F45E7}.Release|x86.Build.0 = Release|Any CPU
		{FD9BEFF0-F122-418B-AF43-2F6C433C50E9}.Debug|Any CPU.ActiveCfg = Debug|Any CPU
		{FD9BEFF0-F122-418B-AF43-2F6C433C50E9}.Debug|Any CPU.Build.0 = Debug|Any CPU
		{FD9BEFF0-F122-418B-AF43-2F6C433C50E9}.Debug|x64.ActiveCfg = Debug|Any CPU
		{FD9BEFF0-F122-418B-AF43-2F6C433C50E9}.Debug|x64.Build.0 = Debug|Any CPU
		{FD9BEFF0-F122-418B-AF43-2F6C433C50E9}.Debug|x86.ActiveCfg = Debug|Any CPU
		{FD9BEFF0-F122-418B-AF43-2F6C433C50E9}.Debug|x86.Build.0 = Debug|Any CPU
		{FD9BEFF0-F122-418B-AF43-2F6C433C50E9}.Release|Any CPU.ActiveCfg = Release|Any CPU
		{FD9BEFF0-F122-418B-AF43-2F6C433C50E9}.Release|Any CPU.Build.0 = Release|Any CPU
		{FD9BEFF0-F122-418B-AF43-2F6C433C50E9}.Release|x64.ActiveCfg = Release|Any CPU
		{FD9BEFF0-F122-418B-AF43-2F6C433C50E9}.Release|x64.Build.0 = Release|Any CPU
		{FD9BEFF0-F122-418B-AF43-2F6C433C50E9}.Release|x86.ActiveCfg = Release|Any CPU
		{FD9BEFF0-F122-418B-AF43-2F6C433C50E9}.Release|x86.Build.0 = Release|Any CPU
		{9F2D2506-9D3E-4E7B-A77D-32A86BF534BA}.Debug|Any CPU.ActiveCfg = Debug|Any CPU
		{9F2D2506-9D3E-4E7B-A77D-32A86BF534BA}.Debug|Any CPU.Build.0 = Debug|Any CPU
		{9F2D2506-9D3E-4E7B-A77D-32A86BF534BA}.Debug|x64.ActiveCfg = Debug|Any CPU
		{9F2D2506-9D3E-4E7B-A77D-32A86BF534BA}.Debug|x64.Build.0 = Debug|Any CPU
		{9F2D2506-9D3E-4E7B-A77D-32A86BF534BA}.Debug|x86.ActiveCfg = Debug|Any CPU
		{9F2D2506-9D3E-4E7B-A77D-32A86BF534BA}.Debug|x86.Build.0 = Debug|Any CPU
		{9F2D2506-9D3E-4E7B-A77D-32A86BF534BA}.Release|Any CPU.ActiveCfg = Release|Any CPU
		{9F2D2506-9D3E-4E7B-A77D-32A86BF534BA}.Release|Any CPU.Build.0 = Release|Any CPU
		{9F2D2506-9D3E-4E7B-A77D-32A86BF534BA}.Release|x64.ActiveCfg = Release|Any CPU
		{9F2D2506-9D3E-4E7B-A77D-32A86BF534BA}.Release|x64.Build.0 = Release|Any CPU
		{9F2D2506-9D3E-4E7B-A77D-32A86BF534BA}.Release|x86.ActiveCfg = Release|Any CPU
		{9F2D2506-9D3E-4E7B-A77D-32A86BF534BA}.Release|x86.Build.0 = Release|Any CPU
		{68FB4F5E-54E4-4901-BF57-D69CCED94312}.Debug|Any CPU.ActiveCfg = Debug|Any CPU
		{68FB4F5E-54E4-4901-BF57-D69CCED94312}.Debug|Any CPU.Build.0 = Debug|Any CPU
		{68FB4F5E-54E4-4901-BF57-D69CCED94312}.Debug|x64.ActiveCfg = Debug|Any CPU
		{68FB4F5E-54E4-4901-BF57-D69CCED94312}.Debug|x64.Build.0 = Debug|Any CPU
		{68FB4F5E-54E4-4901-BF57-D69CCED94312}.Debug|x86.ActiveCfg = Debug|Any CPU
		{68FB4F5E-54E4-4901-BF57-D69CCED94312}.Debug|x86.Build.0 = Debug|Any CPU
		{68FB4F5E-54E4-4901-BF57-D69CCED94312}.Release|Any CPU.ActiveCfg = Release|Any CPU
		{68FB4F5E-54E4-4901-BF57-D69CCED94312}.Release|Any CPU.Build.0 = Release|Any CPU
		{68FB4F5E-54E4-4901-BF57-D69CCED94312}.Release|x64.ActiveCfg = Release|Any CPU
		{68FB4F5E-54E4-4901-BF57-D69CCED94312}.Release|x64.Build.0 = Release|Any CPU
		{68FB4F5E-54E4-4901-BF57-D69CCED94312}.Release|x86.ActiveCfg = Release|Any CPU
		{68FB4F5E-54E4-4901-BF57-D69CCED94312}.Release|x86.Build.0 = Release|Any CPU
		{969E8B2B-2CC6-48C1-B17A-BF962F76C80F}.Debug|Any CPU.ActiveCfg = Debug|Any CPU
		{969E8B2B-2CC6-48C1-B17A-BF962F76C80F}.Debug|Any CPU.Build.0 = Debug|Any CPU
		{969E8B2B-2CC6-48C1-B17A-BF962F76C80F}.Debug|x64.ActiveCfg = Debug|Any CPU
		{969E8B2B-2CC6-48C1-B17A-BF962F76C80F}.Debug|x64.Build.0 = Debug|Any CPU
		{969E8B2B-2CC6-48C1-B17A-BF962F76C80F}.Debug|x86.ActiveCfg = Debug|Any CPU
		{969E8B2B-2CC6-48C1-B17A-BF962F76C80F}.Debug|x86.Build.0 = Debug|Any CPU
		{969E8B2B-2CC6-48C1-B17A-BF962F76C80F}.Release|Any CPU.ActiveCfg = Release|Any CPU
		{969E8B2B-2CC6-48C1-B17A-BF962F76C80F}.Release|Any CPU.Build.0 = Release|Any CPU
		{969E8B2B-2CC6-48C1-B17A-BF962F76C80F}.Release|x64.ActiveCfg = Release|Any CPU
		{969E8B2B-2CC6-48C1-B17A-BF962F76C80F}.Release|x64.Build.0 = Release|Any CPU
		{969E8B2B-2CC6-48C1-B17A-BF962F76C80F}.Release|x86.ActiveCfg = Release|Any CPU
		{969E8B2B-2CC6-48C1-B17A-BF962F76C80F}.Release|x86.Build.0 = Release|Any CPU
		{CCF4BBBF-0499-419F-812A-9CD1C7172B70}.Debug|Any CPU.ActiveCfg = Debug|Any CPU
		{CCF4BBBF-0499-419F-812A-9CD1C7172B70}.Debug|Any CPU.Build.0 = Debug|Any CPU
		{CCF4BBBF-0499-419F-812A-9CD1C7172B70}.Debug|x64.ActiveCfg = Debug|Any CPU
		{CCF4BBBF-0499-419F-812A-9CD1C7172B70}.Debug|x64.Build.0 = Debug|Any CPU
		{CCF4BBBF-0499-419F-812A-9CD1C7172B70}.Debug|x86.ActiveCfg = Debug|Any CPU
		{CCF4BBBF-0499-419F-812A-9CD1C7172B70}.Debug|x86.Build.0 = Debug|Any CPU
		{CCF4BBBF-0499-419F-812A-9CD1C7172B70}.Release|Any CPU.ActiveCfg = Release|Any CPU
		{CCF4BBBF-0499-419F-812A-9CD1C7172B70}.Release|Any CPU.Build.0 = Release|Any CPU
		{CCF4BBBF-0499-419F-812A-9CD1C7172B70}.Release|x64.ActiveCfg = Release|Any CPU
		{CCF4BBBF-0499-419F-812A-9CD1C7172B70}.Release|x64.Build.0 = Release|Any CPU
		{CCF4BBBF-0499-419F-812A-9CD1C7172B70}.Release|x86.ActiveCfg = Release|Any CPU
		{CCF4BBBF-0499-419F-812A-9CD1C7172B70}.Release|x86.Build.0 = Release|Any CPU
		{4F71B8FD-4474-4104-AAF8-CD2CDC7ED274}.Debug|Any CPU.ActiveCfg = Debug|Any CPU
		{4F71B8FD-4474-4104-AAF8-CD2CDC7ED274}.Debug|Any CPU.Build.0 = Debug|Any CPU
		{4F71B8FD-4474-4104-AAF8-CD2CDC7ED274}.Debug|x64.ActiveCfg = Debug|Any CPU
		{4F71B8FD-4474-4104-AAF8-CD2CDC7ED274}.Debug|x64.Build.0 = Debug|Any CPU
		{4F71B8FD-4474-4104-AAF8-CD2CDC7ED274}.Debug|x86.ActiveCfg = Debug|Any CPU
		{4F71B8FD-4474-4104-AAF8-CD2CDC7ED274}.Debug|x86.Build.0 = Debug|Any CPU
		{4F71B8FD-4474-4104-AAF8-CD2CDC7ED274}.Release|Any CPU.ActiveCfg = Release|Any CPU
		{4F71B8FD-4474-4104-AAF8-CD2CDC7ED274}.Release|Any CPU.Build.0 = Release|Any CPU
		{4F71B8FD-4474-4104-AAF8-CD2CDC7ED274}.Release|x64.ActiveCfg = Release|Any CPU
		{4F71B8FD-4474-4104-AAF8-CD2CDC7ED274}.Release|x64.Build.0 = Release|Any CPU
		{4F71B8FD-4474-4104-AAF8-CD2CDC7ED274}.Release|x86.ActiveCfg = Release|Any CPU
		{4F71B8FD-4474-4104-AAF8-CD2CDC7ED274}.Release|x86.Build.0 = Release|Any CPU
		{476A5CF1-43D7-45C5-A48E-F9061409DB98}.Debug|Any CPU.ActiveCfg = Debug|Any CPU
		{476A5CF1-43D7-45C5-A48E-F9061409DB98}.Debug|Any CPU.Build.0 = Debug|Any CPU
		{476A5CF1-43D7-45C5-A48E-F9061409DB98}.Debug|x64.ActiveCfg = Debug|Any CPU
		{476A5CF1-43D7-45C5-A48E-F9061409DB98}.Debug|x64.Build.0 = Debug|Any CPU
		{476A5CF1-43D7-45C5-A48E-F9061409DB98}.Debug|x86.ActiveCfg = Debug|Any CPU
		{476A5CF1-43D7-45C5-A48E-F9061409DB98}.Debug|x86.Build.0 = Debug|Any CPU
		{476A5CF1-43D7-45C5-A48E-F9061409DB98}.Release|Any CPU.ActiveCfg = Release|Any CPU
		{476A5CF1-43D7-45C5-A48E-F9061409DB98}.Release|Any CPU.Build.0 = Release|Any CPU
		{476A5CF1-43D7-45C5-A48E-F9061409DB98}.Release|x64.ActiveCfg = Release|Any CPU
		{476A5CF1-43D7-45C5-A48E-F9061409DB98}.Release|x64.Build.0 = Release|Any CPU
		{476A5CF1-43D7-45C5-A48E-F9061409DB98}.Release|x86.ActiveCfg = Release|Any CPU
		{476A5CF1-43D7-45C5-A48E-F9061409DB98}.Release|x86.Build.0 = Release|Any CPU
		{9639B423-1379-4F26-9726-A500B3FCEA17}.Debug|Any CPU.ActiveCfg = Debug|Any CPU
		{9639B423-1379-4F26-9726-A500B3FCEA17}.Debug|Any CPU.Build.0 = Debug|Any CPU
		{9639B423-1379-4F26-9726-A500B3FCEA17}.Debug|x64.ActiveCfg = Debug|Any CPU
		{9639B423-1379-4F26-9726-A500B3FCEA17}.Debug|x64.Build.0 = Debug|Any CPU
		{9639B423-1379-4F26-9726-A500B3FCEA17}.Debug|x86.ActiveCfg = Debug|Any CPU
		{9639B423-1379-4F26-9726-A500B3FCEA17}.Debug|x86.Build.0 = Debug|Any CPU
		{9639B423-1379-4F26-9726-A500B3FCEA17}.Release|Any CPU.ActiveCfg = Release|Any CPU
		{9639B423-1379-4F26-9726-A500B3FCEA17}.Release|Any CPU.Build.0 = Release|Any CPU
		{9639B423-1379-4F26-9726-A500B3FCEA17}.Release|x64.ActiveCfg = Release|Any CPU
		{9639B423-1379-4F26-9726-A500B3FCEA17}.Release|x64.Build.0 = Release|Any CPU
		{9639B423-1379-4F26-9726-A500B3FCEA17}.Release|x86.ActiveCfg = Release|Any CPU
		{9639B423-1379-4F26-9726-A500B3FCEA17}.Release|x86.Build.0 = Release|Any CPU
		{15CC5055-283E-486E-8C57-C32EF2CC5E90}.Debug|Any CPU.ActiveCfg = Debug|Any CPU
		{15CC5055-283E-486E-8C57-C32EF2CC5E90}.Debug|Any CPU.Build.0 = Debug|Any CPU
		{15CC5055-283E-486E-8C57-C32EF2CC5E90}.Debug|x64.ActiveCfg = Debug|Any CPU
		{15CC5055-283E-486E-8C57-C32EF2CC5E90}.Debug|x64.Build.0 = Debug|Any CPU
		{15CC5055-283E-486E-8C57-C32EF2CC5E90}.Debug|x86.ActiveCfg = Debug|Any CPU
		{15CC5055-283E-486E-8C57-C32EF2CC5E90}.Debug|x86.Build.0 = Debug|Any CPU
		{15CC5055-283E-486E-8C57-C32EF2CC5E90}.Release|Any CPU.ActiveCfg = Release|Any CPU
		{15CC5055-283E-486E-8C57-C32EF2CC5E90}.Release|Any CPU.Build.0 = Release|Any CPU
		{15CC5055-283E-486E-8C57-C32EF2CC5E90}.Release|x64.ActiveCfg = Release|Any CPU
		{15CC5055-283E-486E-8C57-C32EF2CC5E90}.Release|x64.Build.0 = Release|Any CPU
		{15CC5055-283E-486E-8C57-C32EF2CC5E90}.Release|x86.ActiveCfg = Release|Any CPU
		{15CC5055-283E-486E-8C57-C32EF2CC5E90}.Release|x86.Build.0 = Release|Any CPU
		{726A27DC-EF62-4039-A4F5-F90B41D88AA0}.Debug|Any CPU.ActiveCfg = Debug|Any CPU
		{726A27DC-EF62-4039-A4F5-F90B41D88AA0}.Debug|Any CPU.Build.0 = Debug|Any CPU
		{726A27DC-EF62-4039-A4F5-F90B41D88AA0}.Debug|x64.ActiveCfg = Debug|Any CPU
		{726A27DC-EF62-4039-A4F5-F90B41D88AA0}.Debug|x64.Build.0 = Debug|Any CPU
		{726A27DC-EF62-4039-A4F5-F90B41D88AA0}.Debug|x86.ActiveCfg = Debug|Any CPU
		{726A27DC-EF62-4039-A4F5-F90B41D88AA0}.Debug|x86.Build.0 = Debug|Any CPU
		{726A27DC-EF62-4039-A4F5-F90B41D88AA0}.Release|Any CPU.ActiveCfg = Release|Any CPU
		{726A27DC-EF62-4039-A4F5-F90B41D88AA0}.Release|Any CPU.Build.0 = Release|Any CPU
		{726A27DC-EF62-4039-A4F5-F90B41D88AA0}.Release|x64.ActiveCfg = Release|Any CPU
		{726A27DC-EF62-4039-A4F5-F90B41D88AA0}.Release|x64.Build.0 = Release|Any CPU
		{726A27DC-EF62-4039-A4F5-F90B41D88AA0}.Release|x86.ActiveCfg = Release|Any CPU
		{726A27DC-EF62-4039-A4F5-F90B41D88AA0}.Release|x86.Build.0 = Release|Any CPU
		{6DF7F58E-56A5-4777-902C-B4F2B95753C3}.Debug|Any CPU.ActiveCfg = Debug|Any CPU
		{6DF7F58E-56A5-4777-902C-B4F2B95753C3}.Debug|Any CPU.Build.0 = Debug|Any CPU
		{6DF7F58E-56A5-4777-902C-B4F2B95753C3}.Debug|x64.ActiveCfg = Debug|Any CPU
		{6DF7F58E-56A5-4777-902C-B4F2B95753C3}.Debug|x64.Build.0 = Debug|Any CPU
		{6DF7F58E-56A5-4777-902C-B4F2B95753C3}.Debug|x86.ActiveCfg = Debug|Any CPU
		{6DF7F58E-56A5-4777-902C-B4F2B95753C3}.Debug|x86.Build.0 = Debug|Any CPU
		{6DF7F58E-56A5-4777-902C-B4F2B95753C3}.Release|Any CPU.ActiveCfg = Release|Any CPU
		{6DF7F58E-56A5-4777-902C-B4F2B95753C3}.Release|Any CPU.Build.0 = Release|Any CPU
		{6DF7F58E-56A5-4777-902C-B4F2B95753C3}.Release|x64.ActiveCfg = Release|Any CPU
		{6DF7F58E-56A5-4777-902C-B4F2B95753C3}.Release|x64.Build.0 = Release|Any CPU
		{6DF7F58E-56A5-4777-902C-B4F2B95753C3}.Release|x86.ActiveCfg = Release|Any CPU
		{6DF7F58E-56A5-4777-902C-B4F2B95753C3}.Release|x86.Build.0 = Release|Any CPU
		{715D2FA4-4BB2-4E9C-BEFB-C02C63F86376}.Debug|Any CPU.ActiveCfg = Debug|Any CPU
		{715D2FA4-4BB2-4E9C-BEFB-C02C63F86376}.Debug|Any CPU.Build.0 = Debug|Any CPU
		{715D2FA4-4BB2-4E9C-BEFB-C02C63F86376}.Debug|x64.ActiveCfg = Debug|Any CPU
		{715D2FA4-4BB2-4E9C-BEFB-C02C63F86376}.Debug|x64.Build.0 = Debug|Any CPU
		{715D2FA4-4BB2-4E9C-BEFB-C02C63F86376}.Debug|x86.ActiveCfg = Debug|Any CPU
		{715D2FA4-4BB2-4E9C-BEFB-C02C63F86376}.Debug|x86.Build.0 = Debug|Any CPU
		{715D2FA4-4BB2-4E9C-BEFB-C02C63F86376}.Release|Any CPU.ActiveCfg = Release|Any CPU
		{715D2FA4-4BB2-4E9C-BEFB-C02C63F86376}.Release|Any CPU.Build.0 = Release|Any CPU
		{715D2FA4-4BB2-4E9C-BEFB-C02C63F86376}.Release|x64.ActiveCfg = Release|Any CPU
		{715D2FA4-4BB2-4E9C-BEFB-C02C63F86376}.Release|x64.Build.0 = Release|Any CPU
		{715D2FA4-4BB2-4E9C-BEFB-C02C63F86376}.Release|x86.ActiveCfg = Release|Any CPU
		{715D2FA4-4BB2-4E9C-BEFB-C02C63F86376}.Release|x86.Build.0 = Release|Any CPU
		{B78EE80C-B8A1-46EF-AC59-CF109A9F720B}.Debug|Any CPU.ActiveCfg = Debug|Any CPU
		{B78EE80C-B8A1-46EF-AC59-CF109A9F720B}.Debug|Any CPU.Build.0 = Debug|Any CPU
		{B78EE80C-B8A1-46EF-AC59-CF109A9F720B}.Debug|x64.ActiveCfg = Debug|Any CPU
		{B78EE80C-B8A1-46EF-AC59-CF109A9F720B}.Debug|x64.Build.0 = Debug|Any CPU
		{B78EE80C-B8A1-46EF-AC59-CF109A9F720B}.Debug|x86.ActiveCfg = Debug|Any CPU
		{B78EE80C-B8A1-46EF-AC59-CF109A9F720B}.Debug|x86.Build.0 = Debug|Any CPU
		{B78EE80C-B8A1-46EF-AC59-CF109A9F720B}.Release|Any CPU.ActiveCfg = Release|Any CPU
		{B78EE80C-B8A1-46EF-AC59-CF109A9F720B}.Release|Any CPU.Build.0 = Release|Any CPU
		{B78EE80C-B8A1-46EF-AC59-CF109A9F720B}.Release|x64.ActiveCfg = Release|Any CPU
		{B78EE80C-B8A1-46EF-AC59-CF109A9F720B}.Release|x64.Build.0 = Release|Any CPU
		{B78EE80C-B8A1-46EF-AC59-CF109A9F720B}.Release|x86.ActiveCfg = Release|Any CPU
		{B78EE80C-B8A1-46EF-AC59-CF109A9F720B}.Release|x86.Build.0 = Release|Any CPU
		{9FEC08E5-1494-43B8-A48B-C68CD36B51BF}.Debug|Any CPU.ActiveCfg = Debug|Any CPU
		{9FEC08E5-1494-43B8-A48B-C68CD36B51BF}.Debug|Any CPU.Build.0 = Debug|Any CPU
		{9FEC08E5-1494-43B8-A48B-C68CD36B51BF}.Debug|x64.ActiveCfg = Debug|Any CPU
		{9FEC08E5-1494-43B8-A48B-C68CD36B51BF}.Debug|x64.Build.0 = Debug|Any CPU
		{9FEC08E5-1494-43B8-A48B-C68CD36B51BF}.Debug|x86.ActiveCfg = Debug|Any CPU
		{9FEC08E5-1494-43B8-A48B-C68CD36B51BF}.Debug|x86.Build.0 = Debug|Any CPU
		{9FEC08E5-1494-43B8-A48B-C68CD36B51BF}.Release|Any CPU.ActiveCfg = Release|Any CPU
		{9FEC08E5-1494-43B8-A48B-C68CD36B51BF}.Release|Any CPU.Build.0 = Release|Any CPU
		{9FEC08E5-1494-43B8-A48B-C68CD36B51BF}.Release|x64.ActiveCfg = Release|Any CPU
		{9FEC08E5-1494-43B8-A48B-C68CD36B51BF}.Release|x64.Build.0 = Release|Any CPU
		{9FEC08E5-1494-43B8-A48B-C68CD36B51BF}.Release|x86.ActiveCfg = Release|Any CPU
		{9FEC08E5-1494-43B8-A48B-C68CD36B51BF}.Release|x86.Build.0 = Release|Any CPU
		{9D9DAF3F-ACE6-4DA6-9435-0540EBBC0341}.Debug|Any CPU.ActiveCfg = Debug|Any CPU
		{9D9DAF3F-ACE6-4DA6-9435-0540EBBC0341}.Debug|Any CPU.Build.0 = Debug|Any CPU
		{9D9DAF3F-ACE6-4DA6-9435-0540EBBC0341}.Debug|x64.ActiveCfg = Debug|Any CPU
		{9D9DAF3F-ACE6-4DA6-9435-0540EBBC0341}.Debug|x64.Build.0 = Debug|Any CPU
		{9D9DAF3F-ACE6-4DA6-9435-0540EBBC0341}.Debug|x86.ActiveCfg = Debug|Any CPU
		{9D9DAF3F-ACE6-4DA6-9435-0540EBBC0341}.Debug|x86.Build.0 = Debug|Any CPU
		{9D9DAF3F-ACE6-4DA6-9435-0540EBBC0341}.Release|Any CPU.ActiveCfg = Release|Any CPU
		{9D9DAF3F-ACE6-4DA6-9435-0540EBBC0341}.Release|Any CPU.Build.0 = Release|Any CPU
		{9D9DAF3F-ACE6-4DA6-9435-0540EBBC0341}.Release|x64.ActiveCfg = Release|Any CPU
		{9D9DAF3F-ACE6-4DA6-9435-0540EBBC0341}.Release|x64.Build.0 = Release|Any CPU
		{9D9DAF3F-ACE6-4DA6-9435-0540EBBC0341}.Release|x86.ActiveCfg = Release|Any CPU
		{9D9DAF3F-ACE6-4DA6-9435-0540EBBC0341}.Release|x86.Build.0 = Release|Any CPU
	EndGlobalSection
	GlobalSection(SolutionProperties) = preSolution
		HideSolutionNode = FALSE
	EndGlobalSection
	GlobalSection(NestedProjects) = preSolution
		{D16FBB15-6EE2-402D-A4AD-9E7690612763} = {1A6B4FBD-B76F-4F26-9540-6022D5A32887}
		{C6D7FFFA-1942-467A-BE79-BBF735177C35} = {D4AE7C4E-B248-4D5A-ACD2-DA1A5CEEE8EF}
		{91838921-C834-4030-89B6-72DE00B1658E} = {D4AE7C4E-B248-4D5A-ACD2-DA1A5CEEE8EF}
		{CC7EC935-9F02-4BF5-9D0F-D7BB470E3D9C} = {D536E8D8-D433-439A-AA78-9760DCA077E3}
		{A5D73B3B-E092-4B4B-B0E6-A9ABE38D9083} = {D536E8D8-D433-439A-AA78-9760DCA077E3}
		{361B6886-496D-4561-9F75-A452A04767AF} = {1E8022EA-BEAD-4B76-9CDA-AB4B14E540C2}
		{A83BBA40-B8D1-4285-90F5-D916DF1C76C9} = {1E8022EA-BEAD-4B76-9CDA-AB4B14E540C2}
		{BF77D184-BB67-45BD-A2C4-A910D307DC5F} = {1E8022EA-BEAD-4B76-9CDA-AB4B14E540C2}
		{F24A91F6-31A2-498B-A000-2C1562AC8D59} = {1E8022EA-BEAD-4B76-9CDA-AB4B14E540C2}
		{22813262-5AC7-408A-BB51-4A0345D1F961} = {1E8022EA-BEAD-4B76-9CDA-AB4B14E540C2}
		{655F294C-3714-4641-AC0F-AC71E18F45E7} = {1E8022EA-BEAD-4B76-9CDA-AB4B14E540C2}
		{31DAF09B-BCEF-4909-A8D5-8111D4F391FA} = {C3FCD47B-0413-4A91-AFF3-3A5076E73E9E}
		{FD9BEFF0-F122-418B-AF43-2F6C433C50E9} = {31DAF09B-BCEF-4909-A8D5-8111D4F391FA}
		{9F2D2506-9D3E-4E7B-A77D-32A86BF534BA} = {31DAF09B-BCEF-4909-A8D5-8111D4F391FA}
		{B5E5A7E0-5F89-49D9-8B81-3DDD2AE13E53} = {C3FCD47B-0413-4A91-AFF3-3A5076E73E9E}
		{68FB4F5E-54E4-4901-BF57-D69CCED94312} = {B5E5A7E0-5F89-49D9-8B81-3DDD2AE13E53}
		{969E8B2B-2CC6-48C1-B17A-BF962F76C80F} = {B5E5A7E0-5F89-49D9-8B81-3DDD2AE13E53}
		{CCF4BBBF-0499-419F-812A-9CD1C7172B70} = {D4AE7C4E-B248-4D5A-ACD2-DA1A5CEEE8EF}
		{4F71B8FD-4474-4104-AAF8-CD2CDC7ED274} = {D015DCE0-5030-4DB2-A40E-5C02E1FACD73}
		{476A5CF1-43D7-45C5-A48E-F9061409DB98} = {D015DCE0-5030-4DB2-A40E-5C02E1FACD73}
		{9639B423-1379-4F26-9726-A500B3FCEA17} = {9F88FE13-CE72-4D60-A37C-46478A88C34E}
		{15CC5055-283E-486E-8C57-C32EF2CC5E90} = {9F88FE13-CE72-4D60-A37C-46478A88C34E}
		{726A27DC-EF62-4039-A4F5-F90B41D88AA0} = {02AB95C9-9781-4E6D-9C28-ADA823609EA0}
		{6DF7F58E-56A5-4777-902C-B4F2B95753C3} = {02AB95C9-9781-4E6D-9C28-ADA823609EA0}
		{715D2FA4-4BB2-4E9C-BEFB-C02C63F86376} = {D4AE7C4E-B248-4D5A-ACD2-DA1A5CEEE8EF}
		{B78EE80C-B8A1-46EF-AC59-CF109A9F720B} = {04A05A82-6AED-42BF-A688-E3C8578DCD94}
		{9FEC08E5-1494-43B8-A48B-C68CD36B51BF} = {D4AE7C4E-B248-4D5A-ACD2-DA1A5CEEE8EF}
	EndGlobalSection
	GlobalSection(ExtensibilityGlobals) = postSolution
		SolutionGuid = {FBAA2451-EA87-4019-AC6A-D1B7E284FE07}
	EndGlobalSection
EndGlobal
